// !$*UTF8*$!
{
	archiveVersion = 1;
	classes = {
	};
	objectVersion = 56;
	objects = {

/* Begin PBXBuildFile section */
		AFBB2B3429C8E7E900F77185 /* SolvroAppApp.swift in Sources */ = {isa = PBXBuildFile; fileRef = AFBB2B3329C8E7E900F77185 /* SolvroAppApp.swift */; };
		AFBB2B3629C8E7E900F77185 /* ContentView.swift in Sources */ = {isa = PBXBuildFile; fileRef = AFBB2B3529C8E7E900F77185 /* ContentView.swift */; };
		AFBB2B3829C8E7EA00F77185 /* Assets.xcassets in Resources */ = {isa = PBXBuildFile; fileRef = AFBB2B3729C8E7EA00F77185 /* Assets.xcassets */; };
		AFBB2B3B29C8E7EA00F77185 /* Preview Assets.xcassets in Resources */ = {isa = PBXBuildFile; fileRef = AFBB2B3A29C8E7EA00F77185 /* Preview Assets.xcassets */; };
		AFBB2B4529C8E98A00F77185 /* BeerListView.swift in Sources */ = {isa = PBXBuildFile; fileRef = AFBB2B4429C8E98A00F77185 /* BeerListView.swift */; };
		AFBB2B4729C8EA1400F77185 /* LikedBeersView.swift in Sources */ = {isa = PBXBuildFile; fileRef = AFBB2B4629C8EA1400F77185 /* LikedBeersView.swift */; };
		AFBB2B4929C8EA5A00F77185 /* SettingsView.swift in Sources */ = {isa = PBXBuildFile; fileRef = AFBB2B4829C8EA5A00F77185 /* SettingsView.swift */; };
		AFBB2B4B29C8EC3200F77185 /* Beer.swift in Sources */ = {isa = PBXBuildFile; fileRef = AFBB2B4A29C8EC3200F77185 /* Beer.swift */; };
		AFBB2B4D29C8ECF300F77185 /* BeerListController.swift in Sources */ = {isa = PBXBuildFile; fileRef = AFBB2B4C29C8ECF300F77185 /* BeerListController.swift */; };
		AFBB2B4F29C8F2DD00F77185 /* BeerDetailView.swift in Sources */ = {isa = PBXBuildFile; fileRef = AFBB2B4E29C8F2DD00F77185 /* BeerDetailView.swift */; };
		AFBB2B5229C8F40500F77185 /* BeerListItemSubView.swift in Sources */ = {isa = PBXBuildFile; fileRef = AFBB2B5129C8F40500F77185 /* BeerListItemSubView.swift */; };
		AFBB2B5629C8FF1B00F77185 /* BeerContainer.swift in Sources */ = {isa = PBXBuildFile; fileRef = AFBB2B5529C8FF1B00F77185 /* BeerContainer.swift */; };
		AFBB2B5829C9C28200F77185 /* FinderView.swift in Sources */ = {isa = PBXBuildFile; fileRef = AFBB2B5729C9C28200F77185 /* FinderView.swift */; };
/* End PBXBuildFile section */

/* Begin PBXFileReference section */
		AFBB2B3029C8E7E900F77185 /* SolvroApp.app */ = {isa = PBXFileReference; explicitFileType = wrapper.application; includeInIndex = 0; path = SolvroApp.app; sourceTree = BUILT_PRODUCTS_DIR; };
		AFBB2B3329C8E7E900F77185 /* SolvroAppApp.swift */ = {isa = PBXFileReference; lastKnownFileType = sourcecode.swift; path = SolvroAppApp.swift; sourceTree = "<group>"; };
		AFBB2B3529C8E7E900F77185 /* ContentView.swift */ = {isa = PBXFileReference; lastKnownFileType = sourcecode.swift; path = ContentView.swift; sourceTree = "<group>"; };
		AFBB2B3729C8E7EA00F77185 /* Assets.xcassets */ = {isa = PBXFileReference; lastKnownFileType = folder.assetcatalog; path = Assets.xcassets; sourceTree = "<group>"; };
		AFBB2B3A29C8E7EA00F77185 /* Preview Assets.xcassets */ = {isa = PBXFileReference; lastKnownFileType = folder.assetcatalog; path = "Preview Assets.xcassets"; sourceTree = "<group>"; };
		AFBB2B4429C8E98A00F77185 /* BeerListView.swift */ = {isa = PBXFileReference; lastKnownFileType = sourcecode.swift; path = BeerListView.swift; sourceTree = "<group>"; };
		AFBB2B4629C8EA1400F77185 /* LikedBeersView.swift */ = {isa = PBXFileReference; lastKnownFileType = sourcecode.swift; path = LikedBeersView.swift; sourceTree = "<group>"; };
		AFBB2B4829C8EA5A00F77185 /* SettingsView.swift */ = {isa = PBXFileReference; lastKnownFileType = sourcecode.swift; path = SettingsView.swift; sourceTree = "<group>"; };
		AFBB2B4A29C8EC3200F77185 /* Beer.swift */ = {isa = PBXFileReference; lastKnownFileType = sourcecode.swift; path = Beer.swift; sourceTree = "<group>"; };
		AFBB2B4C29C8ECF300F77185 /* BeerListController.swift */ = {isa = PBXFileReference; lastKnownFileType = sourcecode.swift; path = BeerListController.swift; sourceTree = "<group>"; };
		AFBB2B4E29C8F2DD00F77185 /* BeerDetailView.swift */ = {isa = PBXFileReference; lastKnownFileType = sourcecode.swift; path = BeerDetailView.swift; sourceTree = "<group>"; };
		AFBB2B5129C8F40500F77185 /* BeerListItemSubView.swift */ = {isa = PBXFileReference; lastKnownFileType = sourcecode.swift; path = BeerListItemSubView.swift; sourceTree = "<group>"; };
		AFBB2B5529C8FF1B00F77185 /* BeerContainer.swift */ = {isa = PBXFileReference; lastKnownFileType = sourcecode.swift; path = BeerContainer.swift; sourceTree = "<group>"; };
		AFBB2B5729C9C28200F77185 /* FinderView.swift */ = {isa = PBXFileReference; lastKnownFileType = sourcecode.swift; path = FinderView.swift; sourceTree = "<group>"; };
		AFBB2B5B29CA39B500F77185 /* Info.plist */ = {isa = PBXFileReference; lastKnownFileType = text.plist; path = Info.plist; sourceTree = "<group>"; };
/* End PBXFileReference section */

/* Begin PBXFrameworksBuildPhase section */
		AFBB2B2D29C8E7E900F77185 /* Frameworks */ = {
			isa = PBXFrameworksBuildPhase;
			buildActionMask = 2147483647;
			files = (
			);
			runOnlyForDeploymentPostprocessing = 0;
		};
/* End PBXFrameworksBuildPhase section */

/* Begin PBXGroup section */
		AFBB2B2729C8E7E900F77185 = {
			isa = PBXGroup;
			children = (
				AFBB2B3229C8E7E900F77185 /* SolvroApp */,
				AFBB2B3129C8E7E900F77185 /* Products */,
			);
			sourceTree = "<group>";
		};
		AFBB2B3129C8E7E900F77185 /* Products */ = {
			isa = PBXGroup;
			children = (
				AFBB2B3029C8E7E900F77185 /* SolvroApp.app */,
			);
			name = Products;
			sourceTree = "<group>";
		};
		AFBB2B3229C8E7E900F77185 /* SolvroApp */ = {
			isa = PBXGroup;
			children = (
				AFBB2B5B29CA39B500F77185 /* Info.plist */,
				AFBB2B4329C8E92A00F77185 /* Controllers */,
				AFBB2B4229C8E91F00F77185 /* Models */,
				AFBB2B4129C8E91400F77185 /* Views */,
				AFBB2B3329C8E7E900F77185 /* SolvroAppApp.swift */,
				AFBB2B3729C8E7EA00F77185 /* Assets.xcassets */,
				AFBB2B3929C8E7EA00F77185 /* Preview Content */,
			);
			path = SolvroApp;
			sourceTree = "<group>";
		};
		AFBB2B3929C8E7EA00F77185 /* Preview Content */ = {
			isa = PBXGroup;
			children = (
				AFBB2B3A29C8E7EA00F77185 /* Preview Assets.xcassets */,
			);
			path = "Preview Content";
			sourceTree = "<group>";
		};
		AFBB2B4129C8E91400F77185 /* Views */ = {
			isa = PBXGroup;
			children = (
				AFBB2B5029C8F3F200F77185 /* SubViews */,
				AFBB2B3529C8E7E900F77185 /* ContentView.swift */,
				AFBB2B4429C8E98A00F77185 /* BeerListView.swift */,
				AFBB2B4629C8EA1400F77185 /* LikedBeersView.swift */,
				AFBB2B4829C8EA5A00F77185 /* SettingsView.swift */,
				AFBB2B4E29C8F2DD00F77185 /* BeerDetailView.swift */,
			);
			path = Views;
			sourceTree = "<group>";
		};
		AFBB2B4229C8E91F00F77185 /* Models */ = {
			isa = PBXGroup;
			children = (
				AFBB2B4A29C8EC3200F77185 /* Beer.swift */,
				AFBB2B5529C8FF1B00F77185 /* BeerContainer.swift */,
			);
			path = Models;
			sourceTree = "<group>";
		};
		AFBB2B4329C8E92A00F77185 /* Controllers */ = {
			isa = PBXGroup;
			children = (
				AFBB2B4C29C8ECF300F77185 /* BeerListController.swift */,
			);
			path = Controllers;
			sourceTree = "<group>";
		};
		AFBB2B5029C8F3F200F77185 /* SubViews */ = {
			isa = PBXGroup;
			children = (
				AFBB2B5129C8F40500F77185 /* BeerListItemSubView.swift */,
				AFBB2B5729C9C28200F77185 /* FinderView.swift */,
			);
			path = SubViews;
			sourceTree = "<group>";
		};
/* End PBXGroup section */

/* Begin PBXNativeTarget section */
		AFBB2B2F29C8E7E900F77185 /* SolvroApp */ = {
			isa = PBXNativeTarget;
			buildConfigurationList = AFBB2B3E29C8E7EA00F77185 /* Build configuration list for PBXNativeTarget "SolvroApp" */;
			buildPhases = (
				AFBB2B2C29C8E7E900F77185 /* Sources */,
				AFBB2B2D29C8E7E900F77185 /* Frameworks */,
				AFBB2B2E29C8E7E900F77185 /* Resources */,
			);
			buildRules = (
			);
			dependencies = (
			);
			name = SolvroApp;
			productName = SolvroApp;
			productReference = AFBB2B3029C8E7E900F77185 /* SolvroApp.app */;
			productType = "com.apple.product-type.application";
		};
/* End PBXNativeTarget section */

/* Begin PBXProject section */
		AFBB2B2829C8E7E900F77185 /* Project object */ = {
			isa = PBXProject;
			attributes = {
				BuildIndependentTargetsInParallel = 1;
				LastSwiftUpdateCheck = 1420;
				LastUpgradeCheck = 1420;
				TargetAttributes = {
					AFBB2B2F29C8E7E900F77185 = {
						CreatedOnToolsVersion = 14.2;
					};
				};
			};
			buildConfigurationList = AFBB2B2B29C8E7E900F77185 /* Build configuration list for PBXProject "SolvroApp" */;
			compatibilityVersion = "Xcode 14.0";
			developmentRegion = en;
			hasScannedForEncodings = 0;
			knownRegions = (
				en,
				Base,
			);
			mainGroup = AFBB2B2729C8E7E900F77185;
			productRefGroup = AFBB2B3129C8E7E900F77185 /* Products */;
			projectDirPath = "";
			projectRoot = "";
			targets = (
				AFBB2B2F29C8E7E900F77185 /* SolvroApp */,
			);
		};
/* End PBXProject section */

/* Begin PBXResourcesBuildPhase section */
		AFBB2B2E29C8E7E900F77185 /* Resources */ = {
			isa = PBXResourcesBuildPhase;
			buildActionMask = 2147483647;
			files = (
				AFBB2B3B29C8E7EA00F77185 /* Preview Assets.xcassets in Resources */,
				AFBB2B3829C8E7EA00F77185 /* Assets.xcassets in Resources */,
			);
			runOnlyForDeploymentPostprocessing = 0;
		};
/* End PBXResourcesBuildPhase section */

/* Begin PBXSourcesBuildPhase section */
		AFBB2B2C29C8E7E900F77185 /* Sources */ = {
			isa = PBXSourcesBuildPhase;
			buildActionMask = 2147483647;
			files = (
				AFBB2B4D29C8ECF300F77185 /* BeerListController.swift in Sources */,
				AFBB2B4929C8EA5A00F77185 /* SettingsView.swift in Sources */,
				AFBB2B5829C9C28200F77185 /* FinderView.swift in Sources */,
				AFBB2B4B29C8EC3200F77185 /* Beer.swift in Sources */,
				AFBB2B5629C8FF1B00F77185 /* BeerContainer.swift in Sources */,
				AFBB2B4F29C8F2DD00F77185 /* BeerDetailView.swift in Sources */,
				AFBB2B4729C8EA1400F77185 /* LikedBeersView.swift in Sources */,
				AFBB2B4529C8E98A00F77185 /* BeerListView.swift in Sources */,
				AFBB2B3629C8E7E900F77185 /* ContentView.swift in Sources */,
				AFBB2B3429C8E7E900F77185 /* SolvroAppApp.swift in Sources */,
				AFBB2B5229C8F40500F77185 /* BeerListItemSubView.swift in Sources */,
			);
			runOnlyForDeploymentPostprocessing = 0;
		};
/* End PBXSourcesBuildPhase section */

/* Begin XCBuildConfiguration section */
		AFBB2B3C29C8E7EA00F77185 /* Debug */ = {
			isa = XCBuildConfiguration;
			buildSettings = {
				ALWAYS_SEARCH_USER_PATHS = NO;
				CLANG_ANALYZER_NONNULL = YES;
				CLANG_ANALYZER_NUMBER_OBJECT_CONVERSION = YES_AGGRESSIVE;
				CLANG_CXX_LANGUAGE_STANDARD = "gnu++20";
				CLANG_ENABLE_MODULES = YES;
				CLANG_ENABLE_OBJC_ARC = YES;
				CLANG_ENABLE_OBJC_WEAK = YES;
				CLANG_WARN_BLOCK_CAPTURE_AUTORELEASING = YES;
				CLANG_WARN_BOOL_CONVERSION = YES;
				CLANG_WARN_COMMA = YES;
				CLANG_WARN_CONSTANT_CONVERSION = YES;
				CLANG_WARN_DEPRECATED_OBJC_IMPLEMENTATIONS = YES;
				CLANG_WARN_DIRECT_OBJC_ISA_USAGE = YES_ERROR;
				CLANG_WARN_DOCUMENTATION_COMMENTS = YES;
				CLANG_WARN_EMPTY_BODY = YES;
				CLANG_WARN_ENUM_CONVERSION = YES;
				CLANG_WARN_INFINITE_RECURSION = YES;
				CLANG_WARN_INT_CONVERSION = YES;
				CLANG_WARN_NON_LITERAL_NULL_CONVERSION = YES;
				CLANG_WARN_OBJC_IMPLICIT_RETAIN_SELF = YES;
				CLANG_WARN_OBJC_LITERAL_CONVERSION = YES;
				CLANG_WARN_OBJC_ROOT_CLASS = YES_ERROR;
				CLANG_WARN_QUOTED_INCLUDE_IN_FRAMEWORK_HEADER = YES;
				CLANG_WARN_RANGE_LOOP_ANALYSIS = YES;
				CLANG_WARN_STRICT_PROTOTYPES = YES;
				CLANG_WARN_SUSPICIOUS_MOVE = YES;
				CLANG_WARN_UNGUARDED_AVAILABILITY = YES_AGGRESSIVE;
				CLANG_WARN_UNREACHABLE_CODE = YES;
				CLANG_WARN__DUPLICATE_METHOD_MATCH = YES;
				COPY_PHASE_STRIP = NO;
				DEBUG_INFORMATION_FORMAT = dwarf;
				ENABLE_STRICT_OBJC_MSGSEND = YES;
				ENABLE_TESTABILITY = YES;
				GCC_C_LANGUAGE_STANDARD = gnu11;
				GCC_DYNAMIC_NO_PIC = NO;
				GCC_NO_COMMON_BLOCKS = YES;
				GCC_OPTIMIZATION_LEVEL = 0;
				GCC_PREPROCESSOR_DEFINITIONS = (
					"DEBUG=1",
					"$(inherited)",
				);
				GCC_WARN_64_TO_32_BIT_CONVERSION = YES;
				GCC_WARN_ABOUT_RETURN_TYPE = YES_ERROR;
				GCC_WARN_UNDECLARED_SELECTOR = YES;
				GCC_WARN_UNINITIALIZED_AUTOS = YES_AGGRESSIVE;
				GCC_WARN_UNUSED_FUNCTION = YES;
				GCC_WARN_UNUSED_VARIABLE = YES;
				IPHONEOS_DEPLOYMENT_TARGET = 16.2;
				MTL_ENABLE_DEBUG_INFO = INCLUDE_SOURCE;
				MTL_FAST_MATH = YES;
				ONLY_ACTIVE_ARCH = YES;
				SDKROOT = iphoneos;
				SWIFT_ACTIVE_COMPILATION_CONDITIONS = DEBUG;
				SWIFT_OPTIMIZATION_LEVEL = "-Onone";
			};
			name = Debug;
		};
		AFBB2B3D29C8E7EA00F77185 /* Release */ = {
			isa = XCBuildConfiguration;
			buildSettings = {
				ALWAYS_SEARCH_USER_PATHS = NO;
				CLANG_ANALYZER_NONNULL = YES;
				CLANG_ANALYZER_NUMBER_OBJECT_CONVERSION = YES_AGGRESSIVE;
				CLANG_CXX_LANGUAGE_STANDARD = "gnu++20";
				CLANG_ENABLE_MODULES = YES;
				CLANG_ENABLE_OBJC_ARC = YES;
				CLANG_ENABLE_OBJC_WEAK = YES;
				CLANG_WARN_BLOCK_CAPTURE_AUTORELEASING = YES;
				CLANG_WARN_BOOL_CONVERSION = YES;
				CLANG_WARN_COMMA = YES;
				CLANG_WARN_CONSTANT_CONVERSION = YES;
				CLANG_WARN_DEPRECATED_OBJC_IMPLEMENTATIONS = YES;
				CLANG_WARN_DIRECT_OBJC_ISA_USAGE = YES_ERROR;
				CLANG_WARN_DOCUMENTATION_COMMENTS = YES;
				CLANG_WARN_EMPTY_BODY = YES;
				CLANG_WARN_ENUM_CONVERSION = YES;
				CLANG_WARN_INFINITE_RECURSION = YES;
				CLANG_WARN_INT_CONVERSION = YES;
				CLANG_WARN_NON_LITERAL_NULL_CONVERSION = YES;
				CLANG_WARN_OBJC_IMPLICIT_RETAIN_SELF = YES;
				CLANG_WARN_OBJC_LITERAL_CONVERSION = YES;
				CLANG_WARN_OBJC_ROOT_CLASS = YES_ERROR;
				CLANG_WARN_QUOTED_INCLUDE_IN_FRAMEWORK_HEADER = YES;
				CLANG_WARN_RANGE_LOOP_ANALYSIS = YES;
				CLANG_WARN_STRICT_PROTOTYPES = YES;
				CLANG_WARN_SUSPICIOUS_MOVE = YES;
				CLANG_WARN_UNGUARDED_AVAILABILITY = YES_AGGRESSIVE;
				CLANG_WARN_UNREACHABLE_CODE = YES;
				CLANG_WARN__DUPLICATE_METHOD_MATCH = YES;
				COPY_PHASE_STRIP = NO;
				DEBUG_INFORMATION_FORMAT = "dwarf-with-dsym";
				ENABLE_NS_ASSERTIONS = NO;
				ENABLE_STRICT_OBJC_MSGSEND = YES;
				GCC_C_LANGUAGE_STANDARD = gnu11;
				GCC_NO_COMMON_BLOCKS = YES;
				GCC_WARN_64_TO_32_BIT_CONVERSION = YES;
				GCC_WARN_ABOUT_RETURN_TYPE = YES_ERROR;
				GCC_WARN_UNDECLARED_SELECTOR = YES;
				GCC_WARN_UNINITIALIZED_AUTOS = YES_AGGRESSIVE;
				GCC_WARN_UNUSED_FUNCTION = YES;
				GCC_WARN_UNUSED_VARIABLE = YES;
				IPHONEOS_DEPLOYMENT_TARGET = 16.2;
				MTL_ENABLE_DEBUG_INFO = NO;
				MTL_FAST_MATH = YES;
				SDKROOT = iphoneos;
				SWIFT_COMPILATION_MODE = wholemodule;
				SWIFT_OPTIMIZATION_LEVEL = "-O";
				VALIDATE_PRODUCT = YES;
			};
			name = Release;
		};
		AFBB2B3F29C8E7EA00F77185 /* Debug */ = {
			isa = XCBuildConfiguration;
			buildSettings = {
				ASSETCATALOG_COMPILER_APPICON_NAME = AppIcon;
				ASSETCATALOG_COMPILER_GLOBAL_ACCENT_COLOR_NAME = AccentColor;
				ASSETCATALOG_COMPILER_INCLUDE_ALL_APPICON_ASSETS = YES;
				CODE_SIGN_STYLE = Automatic;
				CURRENT_PROJECT_VERSION = 1;
				DEVELOPMENT_ASSET_PATHS = "\"SolvroApp/Preview Content\"";
				DEVELOPMENT_TEAM = FFX3AHD54N;
				ENABLE_PREVIEWS = YES;
				GENERATE_INFOPLIST_FILE = YES;
				INFOPLIST_FILE = SolvroApp/Info.plist;
				INFOPLIST_KEY_CFBundleDisplayName = SolvroApp;
				INFOPLIST_KEY_LSApplicationCategoryType = "public.app-category.education";
				INFOPLIST_KEY_UIApplicationSceneManifest_Generation = YES;
				INFOPLIST_KEY_UIApplicationSupportsIndirectInputEvents = YES;
				INFOPLIST_KEY_UISupportedInterfaceOrientations = UIInterfaceOrientationPortrait;
				INFOPLIST_KEY_UISupportedInterfaceOrientations_iPad = "UIInterfaceOrientationLandscapeLeft UIInterfaceOrientationLandscapeRight UIInterfaceOrientationPortrait UIInterfaceOrientationPortraitUpsideDown";
				LD_RUNPATH_SEARCH_PATHS = (
					"$(inherited)",
					"@executable_path/Frameworks",
				);
				MARKETING_VERSION = 1.0;
				PRODUCT_BUNDLE_IDENTIFIER = jc.SolvroApp;
				PRODUCT_NAME = "$(TARGET_NAME)";
				SUPPORTED_PLATFORMS = "iphoneos iphonesimulator";
				SUPPORTS_MACCATALYST = NO;
				SUPPORTS_MAC_DESIGNED_FOR_IPHONE_IPAD = NO;
				SWIFT_EMIT_LOC_STRINGS = YES;
				SWIFT_VERSION = 5.0;
				TARGETED_DEVICE_FAMILY = 1;
			};
			name = Debug;
		};
		AFBB2B4029C8E7EA00F77185 /* Release */ = {
			isa = XCBuildConfiguration;
			buildSettings = {
				ASSETCATALOG_COMPILER_APPICON_NAME = AppIcon;
				ASSETCATALOG_COMPILER_GLOBAL_ACCENT_COLOR_NAME = AccentColor;
				ASSETCATALOG_COMPILER_INCLUDE_ALL_APPICON_ASSETS = YES;
				CODE_SIGN_STYLE = Automatic;
				CURRENT_PROJECT_VERSION = 1;
				DEVELOPMENT_ASSET_PATHS = "\"SolvroApp/Preview Content\"";
				DEVELOPMENT_TEAM = FFX3AHD54N;
				ENABLE_PREVIEWS = YES;
				GENERATE_INFOPLIST_FILE = YES;
				INFOPLIST_FILE = SolvroApp/Info.plist;
				INFOPLIST_KEY_CFBundleDisplayName = SolvroApp;
				INFOPLIST_KEY_LSApplicationCategoryType = "public.app-category.education";
				INFOPLIST_KEY_UIApplicationSceneManifest_Generation = YES;
				INFOPLIST_KEY_UIApplicationSupportsIndirectInputEvents = YES;
				INFOPLIST_KEY_UISupportedInterfaceOrientations = UIInterfaceOrientationPortrait;
				INFOPLIST_KEY_UISupportedInterfaceOrientations_iPad = "UIInterfaceOrientationLandscapeLeft UIInterfaceOrientationLandscapeRight UIInterfaceOrientationPortrait UIInterfaceOrientationPortraitUpsideDown";
				LD_RUNPATH_SEARCH_PATHS = (
					"$(inherited)",
					"@executable_path/Frameworks",
				);
				MARKETING_VERSION = 1.0;
				PRODUCT_BUNDLE_IDENTIFIER = jc.SolvroApp;
				PRODUCT_NAME = "$(TARGET_NAME)";
				SUPPORTED_PLATFORMS = "iphoneos iphonesimulator";
				SUPPORTS_MACCATALYST = NO;
				SUPPORTS_MAC_DESIGNED_FOR_IPHONE_IPAD = NO;
				SWIFT_EMIT_LOC_STRINGS = YES;
				SWIFT_VERSION = 5.0;
				TARGETED_DEVICE_FAMILY = 1;
			};
			name = Release;
		};
/* End XCBuildConfiguration section */

/* Begin XCConfigurationList section */
		AFBB2B2B29C8E7E900F77185 /* Build configuration list for PBXProject "SolvroApp" */ = {
			isa = XCConfigurationList;
			buildConfigurations = (
				AFBB2B3C29C8E7EA00F77185 /* Debug */,
				AFBB2B3D29C8E7EA00F77185 /* Release */,
			);
			defaultConfigurationIsVisible = 0;
			defaultConfigurationName = Release;
		};
		AFBB2B3E29C8E7EA00F77185 /* Build configuration list for PBXNativeTarget "SolvroApp" */ = {
			isa = XCConfigurationList;
			buildConfigurations = (
				AFBB2B3F29C8E7EA00F77185 /* Debug */,
				AFBB2B4029C8E7EA00F77185 /* Release */,
			);
			defaultConfigurationIsVisible = 0;
			defaultConfigurationName = Release;
		};
/* End XCConfigurationList section */
	};
	rootObject = AFBB2B2829C8E7E900F77185 /* Project object */;
}
